// !$*UTF8*$!
{
	archiveVersion = 1;
	classes = {
	};
	objectVersion = 55;
	objects = {

/* Begin PBXBuildFile section */
		6358AAA52A04F86E00A51DA9 /* E_cardApp.swift in Sources */ = {isa = PBXBuildFile; fileRef = 6358AA7D2A04F86B00A51DA9 /* E_cardApp.swift */; };
		6358AAA62A04F86E00A51DA9 /* E_cardApp.swift in Sources */ = {isa = PBXBuildFile; fileRef = 6358AA7D2A04F86B00A51DA9 /* E_cardApp.swift */; };
		6358AAA72A04F86E00A51DA9 /* ContentView.swift in Sources */ = {isa = PBXBuildFile; fileRef = 6358AA7E2A04F86B00A51DA9 /* ContentView.swift */; };
		6358AAA82A04F86E00A51DA9 /* ContentView.swift in Sources */ = {isa = PBXBuildFile; fileRef = 6358AA7E2A04F86B00A51DA9 /* ContentView.swift */; };
		6358AAA92A04F86E00A51DA9 /* Assets.xcassets in Resources */ = {isa = PBXBuildFile; fileRef = 6358AA7F2A04F86E00A51DA9 /* Assets.xcassets */; };
		6358AAAA2A04F86E00A51DA9 /* Assets.xcassets in Resources */ = {isa = PBXBuildFile; fileRef = 6358AA7F2A04F86E00A51DA9 /* Assets.xcassets */; };
		6358AABB2A04FA8200A51DA9 /* FirebaseAuth in Frameworks */ = {isa = PBXBuildFile; productRef = 6358AABA2A04FA8200A51DA9 /* FirebaseAuth */; };
		6358AABD2A04FA8200A51DA9 /* FirebaseFirestoreSwift in Frameworks */ = {isa = PBXBuildFile; productRef = 6358AABC2A04FA8200A51DA9 /* FirebaseFirestoreSwift */; };
		6358AABF2A04FA8200A51DA9 /* FirebaseStorage in Frameworks */ = {isa = PBXBuildFile; productRef = 6358AABE2A04FA8200A51DA9 /* FirebaseStorage */; };
		6358AAC12A04FABC00A51DA9 /* GoogleService-Info.plist in Resources */ = {isa = PBXBuildFile; fileRef = 6358AAC02A04FABC00A51DA9 /* GoogleService-Info.plist */; };
		6358AAC22A04FABC00A51DA9 /* GoogleService-Info.plist in Resources */ = {isa = PBXBuildFile; fileRef = 6358AAC02A04FABC00A51DA9 /* GoogleService-Info.plist */; };
		6358AAC42A05012F00A51DA9 /* document.swift in Sources */ = {isa = PBXBuildFile; fileRef = 6358AAC32A05012F00A51DA9 /* document.swift */; };
		6358AAC52A05012F00A51DA9 /* document.swift in Sources */ = {isa = PBXBuildFile; fileRef = 6358AAC32A05012F00A51DA9 /* document.swift */; };
/* End PBXBuildFile section */

/* Begin PBXContainerItemProxy section */
		6358AA922A04F86E00A51DA9 /* PBXContainerItemProxy */ = {
			isa = PBXContainerItemProxy;
			containerPortal = 6358AA782A04F86B00A51DA9 /* Project object */;
			proxyType = 1;
			remoteGlobalIDString = 6358AA832A04F86E00A51DA9;
			remoteInfo = "E-card (iOS)";
		};
		6358AA9E2A04F86E00A51DA9 /* PBXContainerItemProxy */ = {
			isa = PBXContainerItemProxy;
			containerPortal = 6358AA782A04F86B00A51DA9 /* Project object */;
			proxyType = 1;
			remoteGlobalIDString = 6358AA892A04F86E00A51DA9;
			remoteInfo = "E-card (macOS)";
		};
/* End PBXContainerItemProxy section */

/* Begin PBXFileReference section */
		6358AA7D2A04F86B00A51DA9 /* E_cardApp.swift */ = {isa = PBXFileReference; lastKnownFileType = sourcecode.swift; path = E_cardApp.swift; sourceTree = "<group>"; };
		6358AA7E2A04F86B00A51DA9 /* ContentView.swift */ = {isa = PBXFileReference; lastKnownFileType = sourcecode.swift; path = ContentView.swift; sourceTree = "<group>"; };
		6358AA7F2A04F86E00A51DA9 /* Assets.xcassets */ = {isa = PBXFileReference; lastKnownFileType = folder.assetcatalog; path = Assets.xcassets; sourceTree = "<group>"; };
		6358AA842A04F86E00A51DA9 /* E-card.app */ = {isa = PBXFileReference; explicitFileType = wrapper.application; includeInIndex = 0; path = "E-card.app"; sourceTree = BUILT_PRODUCTS_DIR; };
		6358AA8A2A04F86E00A51DA9 /* E-card.app */ = {isa = PBXFileReference; explicitFileType = wrapper.application; includeInIndex = 0; path = "E-card.app"; sourceTree = BUILT_PRODUCTS_DIR; };
		6358AA912A04F86E00A51DA9 /* Tests iOS.xctest */ = {isa = PBXFileReference; explicitFileType = wrapper.cfbundle; includeInIndex = 0; path = "Tests iOS.xctest"; sourceTree = BUILT_PRODUCTS_DIR; };
		6358AA9D2A04F86E00A51DA9 /* Tests macOS.xctest */ = {isa = PBXFileReference; explicitFileType = wrapper.cfbundle; includeInIndex = 0; path = "Tests macOS.xctest"; sourceTree = BUILT_PRODUCTS_DIR; };
		6358AAC02A04FABC00A51DA9 /* GoogleService-Info.plist */ = {isa = PBXFileReference; fileEncoding = 4; lastKnownFileType = text.plist.xml; path = "GoogleService-Info.plist"; sourceTree = "<group>"; };
		6358AAC32A05012F00A51DA9 /* document.swift */ = {isa = PBXFileReference; fileEncoding = 4; lastKnownFileType = sourcecode.swift; path = document.swift; sourceTree = "<group>"; };
/* End PBXFileReference section */

/* Begin PBXFrameworksBuildPhase section */
		6358AA812A04F86E00A51DA9 /* Frameworks */ = {
			isa = PBXFrameworksBuildPhase;
			buildActionMask = 2147483647;
			files = (
				6358AABB2A04FA8200A51DA9 /* FirebaseAuth in Frameworks */,
				6358AABD2A04FA8200A51DA9 /* FirebaseFirestoreSwift in Frameworks */,
				6358AABF2A04FA8200A51DA9 /* FirebaseStorage in Frameworks */,
			);
			runOnlyForDeploymentPostprocessing = 0;
		};
		6358AA872A04F86E00A51DA9 /* Frameworks */ = {
			isa = PBXFrameworksBuildPhase;
			buildActionMask = 2147483647;
			files = (
			);
			runOnlyForDeploymentPostprocessing = 0;
		};
		6358AA8E2A04F86E00A51DA9 /* Frameworks */ = {
			isa = PBXFrameworksBuildPhase;
			buildActionMask = 2147483647;
			files = (
			);
			runOnlyForDeploymentPostprocessing = 0;
		};
		6358AA9A2A04F86E00A51DA9 /* Frameworks */ = {
			isa = PBXFrameworksBuildPhase;
			buildActionMask = 2147483647;
			files = (
			);
			runOnlyForDeploymentPostprocessing = 0;
		};
/* End PBXFrameworksBuildPhase section */

/* Begin PBXGroup section */
		6358AA772A04F86B00A51DA9 = {
			isa = PBXGroup;
			children = (
				6358AA7C2A04F86B00A51DA9 /* Shared */,
				6358AA852A04F86E00A51DA9 /* Products */,
			);
			sourceTree = "<group>";
		};
		6358AA7C2A04F86B00A51DA9 /* Shared */ = {
			isa = PBXGroup;
			children = (
				6358AAC02A04FABC00A51DA9 /* GoogleService-Info.plist */,
				6358AA7D2A04F86B00A51DA9 /* E_cardApp.swift */,
				6358AA7E2A04F86B00A51DA9 /* ContentView.swift */,
				6358AAC32A05012F00A51DA9 /* document.swift */,
				6358AA7F2A04F86E00A51DA9 /* Assets.xcassets */,
			);
			path = Shared;
			sourceTree = "<group>";
		};
		6358AA852A04F86E00A51DA9 /* Products */ = {
			isa = PBXGroup;
			children = (
				6358AA842A04F86E00A51DA9 /* E-card.app */,
				6358AA8A2A04F86E00A51DA9 /* E-card.app */,
				6358AA912A04F86E00A51DA9 /* Tests iOS.xctest */,
				6358AA9D2A04F86E00A51DA9 /* Tests macOS.xctest */,
			);
			name = Products;
			sourceTree = "<group>";
		};
/* End PBXGroup section */

/* Begin PBXNativeTarget section */
		6358AA832A04F86E00A51DA9 /* E-card (iOS) */ = {
			isa = PBXNativeTarget;
			buildConfigurationList = 6358AAAD2A04F86E00A51DA9 /* Build configuration list for PBXNativeTarget "E-card (iOS)" */;
			buildPhases = (
				6358AA802A04F86E00A51DA9 /* Sources */,
				6358AA812A04F86E00A51DA9 /* Frameworks */,
				6358AA822A04F86E00A51DA9 /* Resources */,
			);
			buildRules = (
			);
			dependencies = (
			);
			name = "E-card (iOS)";
			packageProductDependencies = (
				6358AABA2A04FA8200A51DA9 /* FirebaseAuth */,
				6358AABC2A04FA8200A51DA9 /* FirebaseFirestoreSwift */,
				6358AABE2A04FA8200A51DA9 /* FirebaseStorage */,
			);
			productName = "E-card (iOS)";
			productReference = 6358AA842A04F86E00A51DA9 /* E-card.app */;
			productType = "com.apple.product-type.application";
		};
		6358AA892A04F86E00A51DA9 /* E-card (macOS) */ = {
			isa = PBXNativeTarget;
			buildConfigurationList = 6358AAB02A04F86E00A51DA9 /* Build configuration list for PBXNativeTarget "E-card (macOS)" */;
			buildPhases = (
				6358AA862A04F86E00A51DA9 /* Sources */,
				6358AA872A04F86E00A51DA9 /* Frameworks */,
				6358AA882A04F86E00A51DA9 /* Resources */,
			);
			buildRules = (
			);
			dependencies = (
			);
			name = "E-card (macOS)";
			productName = "E-card (macOS)";
			productReference = 6358AA8A2A04F86E00A51DA9 /* E-card.app */;
			productType = "com.apple.product-type.application";
		};
		6358AA902A04F86E00A51DA9 /* Tests iOS */ = {
			isa = PBXNativeTarget;
			buildConfigurationList = 6358AAB32A04F86E00A51DA9 /* Build configuration list for PBXNativeTarget "Tests iOS" */;
			buildPhases = (
				6358AA8D2A04F86E00A51DA9 /* Sources */,
				6358AA8E2A04F86E00A51DA9 /* Frameworks */,
				6358AA8F2A04F86E00A51DA9 /* Resources */,
			);
			buildRules = (
			);
			dependencies = (
				6358AA932A04F86E00A51DA9 /* PBXTargetDependency */,
			);
			name = "Tests iOS";
			productName = "Tests iOS";
			productReference = 6358AA912A04F86E00A51DA9 /* Tests iOS.xctest */;
			productType = "com.apple.product-type.bundle.ui-testing";
		};
		6358AA9C2A04F86E00A51DA9 /* Tests macOS */ = {
			isa = PBXNativeTarget;
			buildConfigurationList = 6358AAB62A04F86E00A51DA9 /* Build configuration list for PBXNativeTarget "Tests macOS" */;
			buildPhases = (
				6358AA992A04F86E00A51DA9 /* Sources */,
				6358AA9A2A04F86E00A51DA9 /* Frameworks */,
				6358AA9B2A04F86E00A51DA9 /* Resources */,
			);
			buildRules = (
			);
			dependencies = (
				6358AA9F2A04F86E00A51DA9 /* PBXTargetDependency */,
			);
			name = "Tests macOS";
			productName = "Tests macOS";
			productReference = 6358AA9D2A04F86E00A51DA9 /* Tests macOS.xctest */;
			productType = "com.apple.product-type.bundle.ui-testing";
		};
/* End PBXNativeTarget section */

/* Begin PBXProject section */
		6358AA782A04F86B00A51DA9 /* Project object */ = {
			isa = PBXProject;
			attributes = {
				BuildIndependentTargetsInParallel = 1;
				LastSwiftUpdateCheck = 1340;
				LastUpgradeCheck = 1340;
				TargetAttributes = {
					6358AA832A04F86E00A51DA9 = {
						CreatedOnToolsVersion = 13.4;
					};
					6358AA892A04F86E00A51DA9 = {
						CreatedOnToolsVersion = 13.4;
					};
					6358AA902A04F86E00A51DA9 = {
						CreatedOnToolsVersion = 13.4;
						TestTargetID = 6358AA832A04F86E00A51DA9;
					};
					6358AA9C2A04F86E00A51DA9 = {
						CreatedOnToolsVersion = 13.4;
						TestTargetID = 6358AA892A04F86E00A51DA9;
					};
				};
			};
			buildConfigurationList = 6358AA7B2A04F86B00A51DA9 /* Build configuration list for PBXProject "E-card" */;
			compatibilityVersion = "Xcode 13.0";
			developmentRegion = en;
			hasScannedForEncodings = 0;
			knownRegions = (
				en,
				Base,
			);
			mainGroup = 6358AA772A04F86B00A51DA9;
			packageReferences = (
				6358AAB92A04FA8200A51DA9 /* XCRemoteSwiftPackageReference "firebase-ios-sdk" */,
			);
			productRefGroup = 6358AA852A04F86E00A51DA9 /* Products */;
			projectDirPath = "";
			projectRoot = "";
			targets = (
				6358AA832A04F86E00A51DA9 /* E-card (iOS) */,
				6358AA892A04F86E00A51DA9 /* E-card (macOS) */,
				6358AA902A04F86E00A51DA9 /* Tests iOS */,
				6358AA9C2A04F86E00A51DA9 /* Tests macOS */,
			);
		};
/* End PBXProject section */

/* Begin PBXResourcesBuildPhase section */
		6358AA822A04F86E00A51DA9 /* Resources */ = {
			isa = PBXResourcesBuildPhase;
			buildActionMask = 2147483647;
			files = (
				6358AAA92A04F86E00A51DA9 /* Assets.xcassets in Resources */,
				6358AAC12A04FABC00A51DA9 /* GoogleService-Info.plist in Resources */,
			);
			runOnlyForDeploymentPostprocessing = 0;
		};
		6358AA882A04F86E00A51DA9 /* Resources */ = {
			isa = PBXResourcesBuildPhase;
			buildActionMask = 2147483647;
			files = (
				6358AAAA2A04F86E00A51DA9 /* Assets.xcassets in Resources */,
				6358AAC22A04FABC00A51DA9 /* GoogleService-Info.plist in Resources */,
			);
			runOnlyForDeploymentPostprocessing = 0;
		};
		6358AA8F2A04F86E00A51DA9 /* Resources */ = {
			isa = PBXResourcesBuildPhase;
			buildActionMask = 2147483647;
			files = (
			);
			runOnlyForDeploymentPostprocessing = 0;
		};
		6358AA9B2A04F86E00A51DA9 /* Resources */ = {
			isa = PBXResourcesBuildPhase;
			buildActionMask = 2147483647;
			files = (
			);
			runOnlyForDeploymentPostprocessing = 0;
		};
/* End PBXResourcesBuildPhase section */

/* Begin PBXSourcesBuildPhase section */
		6358AA802A04F86E00A51DA9 /* Sources */ = {
			isa = PBXSourcesBuildPhase;
			buildActionMask = 2147483647;
			files = (
				6358AAA72A04F86E00A51DA9 /* ContentView.swift in Sources */,
				6358AAC42A05012F00A51DA9 /* document.swift in Sources */,
				6358AAA52A04F86E00A51DA9 /* E_cardApp.swift in Sources */,
			);
			runOnlyForDeploymentPostprocessing = 0;
		};
		6358AA862A04F86E00A51DA9 /* Sources */ = {
			isa = PBXSourcesBuildPhase;
			buildActionMask = 2147483647;
			files = (
				6358AAA82A04F86E00A51DA9 /* ContentView.swift in Sources */,
				6358AAC52A05012F00A51DA9 /* document.swift in Sources */,
				6358AAA62A04F86E00A51DA9 /* E_cardApp.swift in Sources */,
			);
			runOnlyForDeploymentPostprocessing = 0;
		};
		6358AA8D2A04F86E00A51DA9 /* Sources */ = {
			isa = PBXSourcesBuildPhase;
			buildActionMask = 2147483647;
			files = (
			);
			runOnlyForDeploymentPostprocessing = 0;
		};
		6358AA992A04F86E00A51DA9 /* Sources */ = {
			isa = PBXSourcesBuildPhase;
			buildActionMask = 2147483647;
			files = (
			);
			runOnlyForDeploymentPostprocessing = 0;
		};
/* End PBXSourcesBuildPhase section */

/* Begin PBXTargetDependency section */
		6358AA932A04F86E00A51DA9 /* PBXTargetDependency */ = {
			isa = PBXTargetDependency;
			target = 6358AA832A04F86E00A51DA9 /* E-card (iOS) */;
			targetProxy = 6358AA922A04F86E00A51DA9 /* PBXContainerItemProxy */;
		};
		6358AA9F2A04F86E00A51DA9 /* PBXTargetDependency */ = {
			isa = PBXTargetDependency;
			target = 6358AA892A04F86E00A51DA9 /* E-card (macOS) */;
			targetProxy = 6358AA9E2A04F86E00A51DA9 /* PBXContainerItemProxy */;
		};
/* End PBXTargetDependency section */

/* Begin XCBuildConfiguration section */
		6358AAAB2A04F86E00A51DA9 /* Debug */ = {
			isa = XCBuildConfiguration;
			buildSettings = {
				ALWAYS_SEARCH_USER_PATHS = NO;
				CLANG_ANALYZER_NONNULL = YES;
				CLANG_ANALYZER_NUMBER_OBJECT_CONVERSION = YES_AGGRESSIVE;
				CLANG_CXX_LANGUAGE_STANDARD = "gnu++17";
				CLANG_ENABLE_MODULES = YES;
				CLANG_ENABLE_OBJC_ARC = YES;
				CLANG_ENABLE_OBJC_WEAK = YES;
				CLANG_WARN_BLOCK_CAPTURE_AUTORELEASING = YES;
				CLANG_WARN_BOOL_CONVERSION = YES;
				CLANG_WARN_COMMA = YES;
				CLANG_WARN_CONSTANT_CONVERSION = YES;
				CLANG_WARN_DEPRECATED_OBJC_IMPLEMENTATIONS = YES;
				CLANG_WARN_DIRECT_OBJC_ISA_USAGE = YES_ERROR;
				CLANG_WARN_DOCUMENTATION_COMMENTS = YES;
				CLANG_WARN_EMPTY_BODY = YES;
				CLANG_WARN_ENUM_CONVERSION = YES;
				CLANG_WARN_INFINITE_RECURSION = YES;
				CLANG_WARN_INT_CONVERSION = YES;
				CLANG_WARN_NON_LITERAL_NULL_CONVERSION = YES;
				CLANG_WARN_OBJC_IMPLICIT_RETAIN_SELF = YES;
				CLANG_WARN_OBJC_LITERAL_CONVERSION = YES;
				CLANG_WARN_OBJC_ROOT_CLASS = YES_ERROR;
				CLANG_WARN_QUOTED_INCLUDE_IN_FRAMEWORK_HEADER = YES;
				CLANG_WARN_RANGE_LOOP_ANALYSIS = YES;
				CLANG_WARN_STRICT_PROTOTYPES = YES;
				CLANG_WARN_SUSPICIOUS_MOVE = YES;
				CLANG_WARN_UNGUARDED_AVAILABILITY = YES_AGGRESSIVE;
				CLANG_WARN_UNREACHABLE_CODE = YES;
				CLANG_WARN__DUPLICATE_METHOD_MATCH = YES;
				COPY_PHASE_STRIP = NO;
				DEBUG_INFORMATION_FORMAT = dwarf;
				ENABLE_STRICT_OBJC_MSGSEND = YES;
				ENABLE_TESTABILITY = YES;
				GCC_C_LANGUAGE_STANDARD = gnu11;
				GCC_DYNAMIC_NO_PIC = NO;
				GCC_NO_COMMON_BLOCKS = YES;
				GCC_OPTIMIZATION_LEVEL = 0;
				GCC_PREPROCESSOR_DEFINITIONS = (
					"DEBUG=1",
					"$(inherited)",
				);
				GCC_WARN_64_TO_32_BIT_CONVERSION = YES;
				GCC_WARN_ABOUT_RETURN_TYPE = YES_ERROR;
				GCC_WARN_UNDECLARED_SELECTOR = YES;
				GCC_WARN_UNINITIALIZED_AUTOS = YES_AGGRESSIVE;
				GCC_WARN_UNUSED_FUNCTION = YES;
				GCC_WARN_UNUSED_VARIABLE = YES;
				MTL_ENABLE_DEBUG_INFO = INCLUDE_SOURCE;
				MTL_FAST_MATH = YES;
				ONLY_ACTIVE_ARCH = YES;
				SWIFT_ACTIVE_COMPILATION_CONDITIONS = DEBUG;
				SWIFT_OPTIMIZATION_LEVEL = "-Onone";
			};
			name = Debug;
		};
		6358AAAC2A04F86E00A51DA9 /* Release */ = {
			isa = XCBuildConfiguration;
			buildSettings = {
				ALWAYS_SEARCH_USER_PATHS = NO;
				CLANG_ANALYZER_NONNULL = YES;
				CLANG_ANALYZER_NUMBER_OBJECT_CONVERSION = YES_AGGRESSIVE;
				CLANG_CXX_LANGUAGE_STANDARD = "gnu++17";
				CLANG_ENABLE_MODULES = YES;
				CLANG_ENABLE_OBJC_ARC = YES;
				CLANG_ENABLE_OBJC_WEAK = YES;
				CLANG_WARN_BLOCK_CAPTURE_AUTORELEASING = YES;
				CLANG_WARN_BOOL_CONVERSION = YES;
				CLANG_WARN_COMMA = YES;
				CLANG_WARN_CONSTANT_CONVERSION = YES;
				CLANG_WARN_DEPRECATED_OBJC_IMPLEMENTATIONS = YES;
				CLANG_WARN_DIRECT_OBJC_ISA_USAGE = YES_ERROR;
				CLANG_WARN_DOCUMENTATION_COMMENTS = YES;
				CLANG_WARN_EMPTY_BODY = YES;
				CLANG_WARN_ENUM_CONVERSION = YES;
				CLANG_WARN_INFINITE_RECURSION = YES;
				CLANG_WARN_INT_CONVERSION = YES;
				CLANG_WARN_NON_LITERAL_NULL_CONVERSION = YES;
				CLANG_WARN_OBJC_IMPLICIT_RETAIN_SELF = YES;
				CLANG_WARN_OBJC_LITERAL_CONVERSION = YES;
				CLANG_WARN_OBJC_ROOT_CLASS = YES_ERROR;
				CLANG_WARN_QUOTED_INCLUDE_IN_FRAMEWORK_HEADER = YES;
				CLANG_WARN_RANGE_LOOP_ANALYSIS = YES;
				CLANG_WARN_STRICT_PROTOTYPES = YES;
				CLANG_WARN_SUSPICIOUS_MOVE = YES;
				CLANG_WARN_UNGUARDED_AVAILABILITY = YES_AGGRESSIVE;
				CLANG_WARN_UNREACHABLE_CODE = YES;
				CLANG_WARN__DUPLICATE_METHOD_MATCH = YES;
				COPY_PHASE_STRIP = NO;
				DEBUG_INFORMATION_FORMAT = "dwarf-with-dsym";
				ENABLE_NS_ASSERTIONS = NO;
				ENABLE_STRICT_OBJC_MSGSEND = YES;
				GCC_C_LANGUAGE_STANDARD = gnu11;
				GCC_NO_COMMON_BLOCKS = YES;
				GCC_WARN_64_TO_32_BIT_CONVERSION = YES;
				GCC_WARN_ABOUT_RETURN_TYPE = YES_ERROR;
				GCC_WARN_UNDECLARED_SELECTOR = YES;
				GCC_WARN_UNINITIALIZED_AUTOS = YES_AGGRESSIVE;
				GCC_WARN_UNUSED_FUNCTION = YES;
				GCC_WARN_UNUSED_VARIABLE = YES;
				MTL_ENABLE_DEBUG_INFO = NO;
				MTL_FAST_MATH = YES;
				SWIFT_COMPILATION_MODE = wholemodule;
				SWIFT_OPTIMIZATION_LEVEL = "-O";
			};
			name = Release;
		};
		6358AAAE2A04F86E00A51DA9 /* Debug */ = {
			isa = XCBuildConfiguration;
			buildSettings = {
				ASSETCATALOG_COMPILER_APPICON_NAME = AppIcon;
				ASSETCATALOG_COMPILER_GLOBAL_ACCENT_COLOR_NAME = AccentColor;
				CODE_SIGN_STYLE = Automatic;
				CURRENT_PROJECT_VERSION = 1;
				ENABLE_PREVIEWS = YES;
				GENERATE_INFOPLIST_FILE = YES;
				INFOPLIST_KEY_UIApplicationSceneManifest_Generation = YES;
				INFOPLIST_KEY_UIApplicationSupportsIndirectInputEvents = YES;
				INFOPLIST_KEY_UILaunchScreen_Generation = YES;
				INFOPLIST_KEY_UISupportedInterfaceOrientations_iPad = "UIInterfaceOrientationPortrait UIInterfaceOrientationPortraitUpsideDown UIInterfaceOrientationLandscapeLeft UIInterfaceOrientationLandscapeRight";
				INFOPLIST_KEY_UISupportedInterfaceOrientations_iPhone = "UIInterfaceOrientationPortrait UIInterfaceOrientationLandscapeLeft UIInterfaceOrientationLandscapeRight";
				IPHONEOS_DEPLOYMENT_TARGET = 15.5;
				LD_RUNPATH_SEARCH_PATHS = (
					"$(inherited)",
					"@executable_path/Frameworks",
				);
				MARKETING_VERSION = 1.0;
				PRODUCT_BUNDLE_IDENTIFIER = "com.mars.E-card";
				PRODUCT_NAME = "E-card";
				SDKROOT = iphoneos;
				SWIFT_EMIT_LOC_STRINGS = YES;
				SWIFT_VERSION = 5.0;
				TARGETED_DEVICE_FAMILY = "1,2";
			};
			name = Debug;
		};
		6358AAAF2A04F86E00A51DA9 /* Release */ = {
			isa = XCBuildConfiguration;
			buildSettings = {
				ASSETCATALOG_COMPILER_APPICON_NAME = AppIcon;
				ASSETCATALOG_COMPILER_GLOBAL_ACCENT_COLOR_NAME = AccentColor;
				CODE_SIGN_STYLE = Automatic;
				CURRENT_PROJECT_VERSION = 1;
				ENABLE_PREVIEWS = YES;
				GENERATE_INFOPLIST_FILE = YES;
				INFOPLIST_KEY_UIApplicationSceneManifest_Generation = YES;
				INFOPLIST_KEY_UIApplicationSupportsIndirectInputEvents = YES;
				INFOPLIST_KEY_UILaunchScreen_Generation = YES;
				INFOPLIST_KEY_UISupportedInterfaceOrientations_iPad = "UIInterfaceOrientationPortrait UIInterfaceOrientationPortraitUpsideDown UIInterfaceOrientationLandscapeLeft UIInterfaceOrientationLandscapeRight";
				INFOPLIST_KEY_UISupportedInterfaceOrientations_iPhone = "UIInterfaceOrientationPortrait UIInterfaceOrientationLandscapeLeft UIInterfaceOrientationLandscapeRight";
				IPHONEOS_DEPLOYMENT_TARGET = 15.5;
				LD_RUNPATH_SEARCH_PATHS = (
					"$(inherited)",
					"@executable_path/Frameworks",
				);
				MARKETING_VERSION = 1.0;
				PRODUCT_BUNDLE_IDENTIFIER = "com.mars.E-card";
				PRODUCT_NAME = "E-card";
				SDKROOT = iphoneos;
				SWIFT_EMIT_LOC_STRINGS = YES;
				SWIFT_VERSION = 5.0;
				TARGETED_DEVICE_FAMILY = "1,2";
				VALIDATE_PRODUCT = YES;
			};
			name = Release;
		};
		6358AAB12A04F86E00A51DA9 /* Debug */ = {
			isa = XCBuildConfiguration;
			buildSettings = {
				ASSETCATALOG_COMPILER_APPICON_NAME = AppIcon;
				ASSETCATALOG_COMPILER_GLOBAL_ACCENT_COLOR_NAME = AccentColor;
				CODE_SIGN_ENTITLEMENTS = macOS/macOS.entitlements;
				CODE_SIGN_STYLE = Automatic;
				COMBINE_HIDPI_IMAGES = YES;
				CURRENT_PROJECT_VERSION = 1;
				ENABLE_PREVIEWS = YES;
				GENERATE_INFOPLIST_FILE = YES;
				INFOPLIST_KEY_NSHumanReadableCopyright = "";
				LD_RUNPATH_SEARCH_PATHS = (
					"$(inherited)",
					"@executable_path/../Frameworks",
				);
				MACOSX_DEPLOYMENT_TARGET = 12.3;
				MARKETING_VERSION = 1.0;
				PRODUCT_BUNDLE_IDENTIFIER = "com.mars.E-card";
				PRODUCT_NAME = "E-card";
				SDKROOT = macosx;
				SWIFT_EMIT_LOC_STRINGS = YES;
				SWIFT_VERSION = 5.0;
			};
			name = Debug;
		};
		6358AAB22A04F86E00A51DA9 /* Release */ = {
			isa = XCBuildConfiguration;
			buildSettings = {
				ASSETCATALOG_COMPILER_APPICON_NAME = AppIcon;
				ASSETCATALOG_COMPILER_GLOBAL_ACCENT_COLOR_NAME = AccentColor;
				CODE_SIGN_ENTITLEMENTS = macOS/macOS.entitlements;
				CODE_SIGN_STYLE = Automatic;
				COMBINE_HIDPI_IMAGES = YES;
				CURRENT_PROJECT_VERSION = 1;
				ENABLE_PREVIEWS = YES;
				GENERATE_INFOPLIST_FILE = YES;
				INFOPLIST_KEY_NSHumanReadableCopyright = "";
				LD_RUNPATH_SEARCH_PATHS = (
					"$(inherited)",
					"@executable_path/../Frameworks",
				);
				MACOSX_DEPLOYMENT_TARGET = 12.3;
				MARKETING_VERSION = 1.0;
				PRODUCT_BUNDLE_IDENTIFIER = "com.mars.E-card";
				PRODUCT_NAME = "E-card";
				SDKROOT = macosx;
				SWIFT_EMIT_LOC_STRINGS = YES;
				SWIFT_VERSION = 5.0;
			};
			name = Release;
		};
		6358AAB42A04F86E00A51DA9 /* Debug */ = {
			isa = XCBuildConfiguration;
			buildSettings = {
				ALWAYS_EMBED_SWIFT_STANDARD_LIBRARIES = YES;
				CODE_SIGN_STYLE = Automatic;
				CURRENT_PROJECT_VERSION = 1;
				GENERATE_INFOPLIST_FILE = YES;
				IPHONEOS_DEPLOYMENT_TARGET = 15.5;
				MARKETING_VERSION = 1.0;
				PRODUCT_BUNDLE_IDENTIFIER = "com.mars.Tests-iOS";
				PRODUCT_NAME = "$(TARGET_NAME)";
				SDKROOT = iphoneos;
				SWIFT_EMIT_LOC_STRINGS = NO;
				SWIFT_VERSION = 5.0;
				TARGETED_DEVICE_FAMILY = "1,2";
				TEST_TARGET_NAME = "E-card (iOS)";
			};
			name = Debug;
		};
		6358AAB52A04F86E00A51DA9 /* Release */ = {
			isa = XCBuildConfiguration;
			buildSettings = {
				ALWAYS_EMBED_SWIFT_STANDARD_LIBRARIES = YES;
				CODE_SIGN_STYLE = Automatic;
				CURRENT_PROJECT_VERSION = 1;
				GENERATE_INFOPLIST_FILE = YES;
				IPHONEOS_DEPLOYMENT_TARGET = 15.5;
				MARKETING_VERSION = 1.0;
				PRODUCT_BUNDLE_IDENTIFIER = "com.mars.Tests-iOS";
				PRODUCT_NAME = "$(TARGET_NAME)";
				SDKROOT = iphoneos;
				SWIFT_EMIT_LOC_STRINGS = NO;
				SWIFT_VERSION = 5.0;
				TARGETED_DEVICE_FAMILY = "1,2";
				TEST_TARGET_NAME = "E-card (iOS)";
				VALIDATE_PRODUCT = YES;
			};
			name = Release;
		};
		6358AAB72A04F86E00A51DA9 /* Debug */ = {
			isa = XCBuildConfiguration;
			buildSettings = {
				ALWAYS_EMBED_SWIFT_STANDARD_LIBRARIES = YES;
				CODE_SIGN_STYLE = Automatic;
				CURRENT_PROJECT_VERSION = 1;
				GENERATE_INFOPLIST_FILE = YES;
				MACOSX_DEPLOYMENT_TARGET = 12.3;
				MARKETING_VERSION = 1.0;
				PRODUCT_BUNDLE_IDENTIFIER = "com.mars.Tests-macOS";
				PRODUCT_NAME = "$(TARGET_NAME)";
				SDKROOT = macosx;
				SWIFT_EMIT_LOC_STRINGS = NO;
				SWIFT_VERSION = 5.0;
				TEST_TARGET_NAME = "E-card (macOS)";
			};
			name = Debug;
		};
		6358AAB82A04F86E00A51DA9 /* Release */ = {
			isa = XCBuildConfiguration;
			buildSettings = {
				ALWAYS_EMBED_SWIFT_STANDARD_LIBRARIES = YES;
				CODE_SIGN_STYLE = Automatic;
				CURRENT_PROJECT_VERSION = 1;
				GENERATE_INFOPLIST_FILE = YES;
				MACOSX_DEPLOYMENT_TARGET = 12.3;
				MARKETING_VERSION = 1.0;
				PRODUCT_BUNDLE_IDENTIFIER = "com.mars.Tests-macOS";
				PRODUCT_NAME = "$(TARGET_NAME)";
				SDKROOT = macosx;
				SWIFT_EMIT_LOC_STRINGS = NO;
				SWIFT_VERSION = 5.0;
				TEST_TARGET_NAME = "E-card (macOS)";
			};
			name = Release;
		};
/* End XCBuildConfiguration section */

/* Begin XCConfigurationList section */
		6358AA7B2A04F86B00A51DA9 /* Build configuration list for PBXProject "E-card" */ = {
			isa = XCConfigurationList;
			buildConfigurations = (
				6358AAAB2A04F86E00A51DA9 /* Debug */,
				6358AAAC2A04F86E00A51DA9 /* Release */,
			);
			defaultConfigurationIsVisible = 0;
			defaultConfigurationName = Release;
		};
		6358AAAD2A04F86E00A51DA9 /* Build configuration list for PBXNativeTarget "E-card (iOS)" */ = {
			isa = XCConfigurationList;
			buildConfigurations = (
				6358AAAE2A04F86E00A51DA9 /* Debug */,
				6358AAAF2A04F86E00A51DA9 /* Release */,
			);
			defaultConfigurationIsVisible = 0;
			defaultConfigurationName = Release;
		};
		6358AAB02A04F86E00A51DA9 /* Build configuration list for PBXNativeTarget "E-card (macOS)" */ = {
			isa = XCConfigurationList;
			buildConfigurations = (
				6358AAB12A04F86E00A51DA9 /* Debug */,
				6358AAB22A04F86E00A51DA9 /* Release */,
			);
			defaultConfigurationIsVisible = 0;
			defaultConfigurationName = Release;
		};
		6358AAB32A04F86E00A51DA9 /* Build configuration list for PBXNativeTarget "Tests iOS" */ = {
			isa = XCConfigurationList;
			buildConfigurations = (
				6358AAB42A04F86E00A51DA9 /* Debug */,
				6358AAB52A04F86E00A51DA9 /* Release */,
			);
			defaultConfigurationIsVisible = 0;
			defaultConfigurationName = Release;
		};
		6358AAB62A04F86E00A51DA9 /* Build configuration list for PBXNativeTarget "Tests macOS" */ = {
			isa = XCConfigurationList;
			buildConfigurations = (
				6358AAB72A04F86E00A51DA9 /* Debug */,
				6358AAB82A04F86E00A51DA9 /* Release */,
			);
			defaultConfigurationIsVisible = 0;
			defaultConfigurationName = Release;
		};
/* End XCConfigurationList section */

/* Begin XCRemoteSwiftPackageReference section */
		6358AAB92A04FA8200A51DA9 /* XCRemoteSwiftPackageReference "firebase-ios-sdk" */ = {
			isa = XCRemoteSwiftPackageReference;
			repositoryURL = "https://github.com/firebase/firebase-ios-sdk";
			requirement = {
				kind = upToNextMajorVersion;
				minimumVersion = 9.0.0;
			};
		};
/* End XCRemoteSwiftPackageReference section */

/* Begin XCSwiftPackageProductDependency section */
		6358AABA2A04FA8200A51DA9 /* FirebaseAuth */ = {
			isa = XCSwiftPackageProductDependency;
			package = 6358AAB92A04FA8200A51DA9 /* XCRemoteSwiftPackageReference "firebase-ios-sdk" */;
			productName = FirebaseAuth;
		};
		6358AABC2A04FA8200A51DA9 /* FirebaseFirestoreSwift */ = {
			isa = XCSwiftPackageProductDependency;
			package = 6358AAB92A04FA8200A51DA9 /* XCRemoteSwiftPackageReference "firebase-ios-sdk" */;
			productName = FirebaseFirestoreSwift;
		};
		6358AABE2A04FA8200A51DA9 /* FirebaseStorage */ = {
			isa = XCSwiftPackageProductDependency;
			package = 6358AAB92A04FA8200A51DA9 /* XCRemoteSwiftPackageReference "firebase-ios-sdk" */;
			productName = FirebaseStorage;
		};
/* End XCSwiftPackageProductDependency section */
	};
	rootObject = 6358AA782A04F86B00A51DA9 /* Project object */;
}
